
Microsoft Visual Studio Solution File, Format Version 12.00
# Visual Studio 15
VisualStudioVersion = 15.0.28010.2046
MinimumVisualStudioVersion = 10.0.40219.1
Project("{FAE04EC0-301F-11D3-BF4B-00C04F79EFBC}") = "SerilogTraceIdEnricher", "SerilogTraceIdEnricher\SerilogTraceIdEnricher.csproj", "{9E010E2F-6D78-44BC-BE12-14AF0A4DAC61}"
EndProject
Global
	GlobalSection(SolutionConfigurationPlatforms) = preSolution
		Debug|Any CPU = Debug|Any CPU
		Release|Any CPU = Release|Any CPU
	EndGlobalSection
	GlobalSection(ProjectConfigurationPlatforms) = postSolution
		{9E010E2F-6D78-44BC-BE12-14AF0A4DAC61}.Debug|Any CPU.ActiveCfg = Debug|Any CPU
		{9E010E2F-6D78-44BC-BE12-14AF0A4DAC61}.Debug|Any CPU.Build.0 = Debug|Any CPU
		{9E010E2F-6D78-44BC-BE12-14AF0A4DAC61}.Release|Any CPU.ActiveCfg = Release|Any CPU
		{9E010E2F-6D78-44BC-BE12-14AF0A4DAC61}.Release|Any CPU.Build.0 = Release|Any CPU
	EndGlobalSection
	GlobalSection(SolutionProperties) = preSolution
		HideSolutionNode = FALSE
	EndGlobalSection
	GlobalSection(ExtensibilityGlobals) = postSolution
		SolutionGuid = {2C816307-86FE-42BA-ACB6-399D55F0F1CE}
	EndGlobalSection
EndGlobal
